
Microsoft Visual Studio Solution File, Format Version 12.00
# Visual Studio 2012
Project("{FAE04EC0-301F-11D3-BF4B-00C04F79EFBC}") = "Morse Code", "Morse Code\Morse Code.csproj", "{250776E1-99AB-4363-A073-0A1AE59969A3}"
EndProject
Global
	GlobalSection(SolutionConfigurationPlatforms) = preSolution
		Debug|Any CPU = Debug|Any CPU
		Release|Any CPU = Release|Any CPU
	EndGlobalSection
	GlobalSection(ProjectConfigurationPlatforms) = postSolution
		{250776E1-99AB-4363-A073-0A1AE59969A3}.Debug|Any CPU.ActiveCfg = Debug|Any CPU
		{250776E1-99AB-4363-A073-0A1AE59969A3}.Debug|Any CPU.Build.0 = Debug|Any CPU
		{250776E1-99AB-4363-A073-0A1AE59969A3}.Release|Any CPU.ActiveCfg = Release|Any CPU
		{250776E1-99AB-4363-A073-0A1AE59969A3}.Release|Any CPU.Build.0 = Release|Any CPU
	EndGlobalSection
	GlobalSection(SolutionProperties) = preSolution
		HideSolutionNode = FALSE
	EndGlobalSection
EndGlobal
